// !$*UTF8*$!
{
	archiveVersion = 1;
	classes = {
	};
	objectVersion = 50;
	objects = {

/* Begin PBXBuildFile section */
		400B1371254FECBD001AE01A /* JikanAPI.swift in Sources */ = {isa = PBXBuildFile; fileRef = 400B1370254FECBD001AE01A /* JikanAPI.swift */; };
		400B13762550582A001AE01A /* RandomViewController.swift in Sources */ = {isa = PBXBuildFile; fileRef = 400B13752550582A001AE01A /* RandomViewController.swift */; };
		400B137C2551457E001AE01A /* RecommendService.swift in Sources */ = {isa = PBXBuildFile; fileRef = 400B137B2551457E001AE01A /* RecommendService.swift */; };
		400B13812551462F001AE01A /* Helpers.swift in Sources */ = {isa = PBXBuildFile; fileRef = 400B13802551462F001AE01A /* Helpers.swift */; };
		400B138725519EE2001AE01A /* Genre&Studio.swift in Sources */ = {isa = PBXBuildFile; fileRef = 400B138625519EE2001AE01A /* Genre&Studio.swift */; };
		400B138D2551A520001AE01A /* AnimeGenreCollectionViewCell.swift in Sources */ = {isa = PBXBuildFile; fileRef = 400B138C2551A520001AE01A /* AnimeGenreCollectionViewCell.swift */; };
		4050C79E2542C25F00A480CF /* AnimeThumbnailCell.xib in Resources */ = {isa = PBXBuildFile; fileRef = 4050C79D2542C25F00A480CF /* AnimeThumbnailCell.xib */; };
		4050C7AC2542C8C400A480CF /* GenreAnimesViewController.swift in Sources */ = {isa = PBXBuildFile; fileRef = 4050C7AB2542C8C400A480CF /* GenreAnimesViewController.swift */; };
		4050C7B22542E2B200A480CF /* GenreAnime.swift in Sources */ = {isa = PBXBuildFile; fileRef = 4050C7B12542E2B200A480CF /* GenreAnime.swift */; };
		4050C7B62542EE4600A480CF /* AssetColor.swift in Sources */ = {isa = PBXBuildFile; fileRef = 4050C7B52542EE4600A480CF /* AssetColor.swift */; };
		4050C7BB25444D4D00A480CF /* AnimeDetailsViewController.swift in Sources */ = {isa = PBXBuildFile; fileRef = 4050C7BA25444D4D00A480CF /* AnimeDetailsViewController.swift */; };
		4050C7C025446A6700A480CF /* PersonalViewController.swift in Sources */ = {isa = PBXBuildFile; fileRef = 4050C7BF25446A6700A480CF /* PersonalViewController.swift */; };
		4050C7CB2545B27A00A480CF /* NetworkManager.swift in Sources */ = {isa = PBXBuildFile; fileRef = 4050C7CA2545B27A00A480CF /* NetworkManager.swift */; };
		406C2B662510B85400C8740E /* DiscoverPageViewController.swift in Sources */ = {isa = PBXBuildFile; fileRef = 406C2B652510B85400C8740E /* DiscoverPageViewController.swift */; };
		406C2B6A2510C77300C8740E /* AnimeThumbnail.swift in Sources */ = {isa = PBXBuildFile; fileRef = 406C2B692510C77300C8740E /* AnimeThumbnail.swift */; };
		406C2B6D2510D55300C8740E /* URLExtensions.swift in Sources */ = {isa = PBXBuildFile; fileRef = 406C2B6C2510D55300C8740E /* URLExtensions.swift */; };
		406C2B6F2510D59400C8740E /* SearchAnime.swift in Sources */ = {isa = PBXBuildFile; fileRef = 406C2B6E2510D59400C8740E /* SearchAnime.swift */; };
		406C2B722511042400C8740E /* SearchCell.swift in Sources */ = {isa = PBXBuildFile; fileRef = 406C2B712511042400C8740E /* SearchCell.swift */; };
		406C2B742511043400C8740E /* GenreCell.swift in Sources */ = {isa = PBXBuildFile; fileRef = 406C2B732511043400C8740E /* GenreCell.swift */; };
		406C2B7A25110EE200C8740E /* +CollectionView(DiscoverPageVC).swift in Sources */ = {isa = PBXBuildFile; fileRef = 406C2B7925110EE200C8740E /* +CollectionView(DiscoverPageVC).swift */; };
		4079A63C250E3723001A9D3B /* AnimeDetails.swift in Sources */ = {isa = PBXBuildFile; fileRef = 4079A63B250E3723001A9D3B /* AnimeDetails.swift */; };
		4079A63E250E3B9A001A9D3B /* Episode.swift in Sources */ = {isa = PBXBuildFile; fileRef = 4079A63D250E3B9A001A9D3B /* Episode.swift */; };
		4079A640250E3EEA001A9D3B /* TopAnime.swift in Sources */ = {isa = PBXBuildFile; fileRef = 4079A63F250E3EEA001A9D3B /* TopAnime.swift */; };
		4079A642250E489F001A9D3B /* TopViewController.swift in Sources */ = {isa = PBXBuildFile; fileRef = 4079A641250E489F001A9D3B /* TopViewController.swift */; };
		4079A64A250E5846001A9D3B /* HTTPValidation.swift in Sources */ = {isa = PBXBuildFile; fileRef = 4079A649250E5846001A9D3B /* HTTPValidation.swift */; };
		4079A64D250F73AE001A9D3B /* AssetImage.swift in Sources */ = {isa = PBXBuildFile; fileRef = 4079A64C250F73AE001A9D3B /* AssetImage.swift */; };
		4079A651250F7604001A9D3B /* TopSubtypeDataService.swift in Sources */ = {isa = PBXBuildFile; fileRef = 4079A650250F7604001A9D3B /* TopSubtypeDataService.swift */; };
		4079A654250F7B0E001A9D3B /* TopSubtypeCell.swift in Sources */ = {isa = PBXBuildFile; fileRef = 4079A653250F7B0E001A9D3B /* TopSubtypeCell.swift */; };
		4079A656250F80B9001A9D3B /* AnimeThumbnailCell.swift in Sources */ = {isa = PBXBuildFile; fileRef = 4079A655250F80B9001A9D3B /* AnimeThumbnailCell.swift */; };
		4079A658250F8632001A9D3B /* +TopAnimeCollectionDataSource(TopViewController).swift in Sources */ = {isa = PBXBuildFile; fileRef = 4079A657250F8632001A9D3B /* +TopAnimeCollectionDataSource(TopViewController).swift */; };
		4079A65A250F864B001A9D3B /* +TopAnimeCollectionDelegate(TopViewController).swift in Sources */ = {isa = PBXBuildFile; fileRef = 4079A659250F864B001A9D3B /* +TopAnimeCollectionDelegate(TopViewController).swift */; };
		4079A65C250F8928001A9D3B /* ImageLoadHelper.swift in Sources */ = {isa = PBXBuildFile; fileRef = 4079A65B250F8928001A9D3B /* ImageLoadHelper.swift */; };
		407A5F5A257214DA00533052 /* TopAnimesPageViewModel.swift in Sources */ = {isa = PBXBuildFile; fileRef = 407A5F59257214DA00533052 /* TopAnimesPageViewModel.swift */; };
		407A5F5E25721AE700533052 /* Observable.swift in Sources */ = {isa = PBXBuildFile; fileRef = 407A5F5D25721AE700533052 /* Observable.swift */; };
		407A5F612572294400533052 /* TopAnimeThumbnailViewModel.swift in Sources */ = {isa = PBXBuildFile; fileRef = 407A5F602572294400533052 /* TopAnimeThumbnailViewModel.swift */; };
		407A5F6525726B5B00533052 /* AnimeThumbnailViewModel.swift in Sources */ = {isa = PBXBuildFile; fileRef = 407A5F6425726B5B00533052 /* AnimeThumbnailViewModel.swift */; };
		4082B64F255285CC00DC14A2 /* README.md in Resources */ = {isa = PBXBuildFile; fileRef = 4082B64E255285CC00DC14A2 /* README.md */; };
		4082B6522552888800DC14A2 /* DisplayInfo.swift in Sources */ = {isa = PBXBuildFile; fileRef = 4082B6512552888800DC14A2 /* DisplayInfo.swift */; };
		4082B6A0255415D200DC14A2 /* PersonalAnimeCollectionViewCell.swift in Sources */ = {isa = PBXBuildFile; fileRef = 4082B69F255415D200DC14A2 /* PersonalAnimeCollectionViewCell.swift */; };
		4082B6A425551E6400DC14A2 /* AnimeList.xcdatamodeld in Sources */ = {isa = PBXBuildFile; fileRef = 4082B6A225551E6400DC14A2 /* AnimeList.xcdatamodeld */; };
		40C90257250A35BA009D4225 /* AppDelegate.swift in Sources */ = {isa = PBXBuildFile; fileRef = 40C90256250A35BA009D4225 /* AppDelegate.swift */; };
		40C90259250A35BA009D4225 /* SceneDelegate.swift in Sources */ = {isa = PBXBuildFile; fileRef = 40C90258250A35BA009D4225 /* SceneDelegate.swift */; };
		40C9025E250A35BA009D4225 /* Main.storyboard in Resources */ = {isa = PBXBuildFile; fileRef = 40C9025C250A35BA009D4225 /* Main.storyboard */; };
		40C90260250A35BF009D4225 /* Assets.xcassets in Resources */ = {isa = PBXBuildFile; fileRef = 40C9025F250A35BF009D4225 /* Assets.xcassets */; };
		40C90263250A35BF009D4225 /* LaunchScreen.storyboard in Resources */ = {isa = PBXBuildFile; fileRef = 40C90261250A35BF009D4225 /* LaunchScreen.storyboard */; };
		40EEEC3B2573C456009DF86F /* AnimeDetailsPageViewModel.swift in Sources */ = {isa = PBXBuildFile; fileRef = 40EEEC3A2573C456009DF86F /* AnimeDetailsPageViewModel.swift */; };
		40EEEC3F2573C512009DF86F /* AnimeDetailsViewModel.swift in Sources */ = {isa = PBXBuildFile; fileRef = 40EEEC3E2573C512009DF86F /* AnimeDetailsViewModel.swift */; };
		40EEEC7325760827009DF86F /* SeachAnimesViewController.swift in Sources */ = {isa = PBXBuildFile; fileRef = 40EEEC7225760827009DF86F /* SeachAnimesViewController.swift */; };
		40EEEC76257609D7009DF86F /* SearchCell.xib in Resources */ = {isa = PBXBuildFile; fileRef = 40EEEC75257609D7009DF86F /* SearchCell.xib */; };
		40EEEC7925761424009DF86F /* +CollectionView(SearchAnimesViewController).swift in Sources */ = {isa = PBXBuildFile; fileRef = 40EEEC7825761424009DF86F /* +CollectionView(SearchAnimesViewController).swift */; };
		40EEEC8725762190009DF86F /* AnimeWebService.swift in Sources */ = {isa = PBXBuildFile; fileRef = 40EEEC8625762190009DF86F /* AnimeWebService.swift */; };
		40EEEC95257727B0009DF86F /* Storyboard.swift in Sources */ = {isa = PBXBuildFile; fileRef = 40EEEC94257727B0009DF86F /* Storyboard.swift */; };
		40EEEC9925775E66009DF86F /* SearchAnimesPageViewModel.swift in Sources */ = {isa = PBXBuildFile; fileRef = 40EEEC9825775E66009DF86F /* SearchAnimesPageViewModel.swift */; };
		40EEEC9F25776741009DF86F /* GenreAnimesPageViewModel.swift in Sources */ = {isa = PBXBuildFile; fileRef = 40EEEC9E25776741009DF86F /* GenreAnimesPageViewModel.swift */; };
		40EEECA525776C3F009DF86F /* RandomPageViewModel.swift in Sources */ = {isa = PBXBuildFile; fileRef = 40EEECA425776C3F009DF86F /* RandomPageViewModel.swift */; };
		40EEECD6257893AD009DF86F /* BaseTabBarController.swift in Sources */ = {isa = PBXBuildFile; fileRef = 40EEECD5257893AD009DF86F /* BaseTabBarController.swift */; };
		40EEECE725790698009DF86F /* PersonalAnimeEntity+CoreDataClass.swift in Sources */ = {isa = PBXBuildFile; fileRef = 40EEECE525790698009DF86F /* PersonalAnimeEntity+CoreDataClass.swift */; };
		40EEECE825790698009DF86F /* PersonalAnimeEntity+CoreDataProperties.swift in Sources */ = {isa = PBXBuildFile; fileRef = 40EEECE625790698009DF86F /* PersonalAnimeEntity+CoreDataProperties.swift */; };
		40EEECED25790948009DF86F /* CoreDataStorage.swift in Sources */ = {isa = PBXBuildFile; fileRef = 40EEECEC25790948009DF86F /* CoreDataStorage.swift */; };
		40EEECF025790A93009DF86F /* PersonalAnimeCoreDataStorage.swift in Sources */ = {isa = PBXBuildFile; fileRef = 40EEECEF25790A93009DF86F /* PersonalAnimeCoreDataStorage.swift */; };
		40EEECF325791052009DF86F /* PersonalAnimeDTO.swift in Sources */ = {isa = PBXBuildFile; fileRef = 40EEECF225791052009DF86F /* PersonalAnimeDTO.swift */; };
		40EEED222579FEE7009DF86F /* TopAnimeThumbnailViewModelTest.swift in Sources */ = {isa = PBXBuildFile; fileRef = 40EEED212579FEE7009DF86F /* TopAnimeThumbnailViewModelTest.swift */; };
		40EEED2E2579FFB2009DF86F /* TopAnimeDTO+Stub.swift in Sources */ = {isa = PBXBuildFile; fileRef = 40EEED2D2579FFB2009DF86F /* TopAnimeDTO+Stub.swift */; };
		40EEED36257A0361009DF86F /* TopAnimesPageViewModelTest.swift in Sources */ = {isa = PBXBuildFile; fileRef = 40EEED35257A0361009DF86F /* TopAnimesPageViewModelTest.swift */; };
/* End PBXBuildFile section */

/* Begin PBXContainerItemProxy section */
		40EEED242579FEE7009DF86F /* PBXContainerItemProxy */ = {
			isa = PBXContainerItemProxy;
			containerPortal = 40C9024B250A35BA009D4225 /* Project object */;
			proxyType = 1;
			remoteGlobalIDString = 40C90252250A35BA009D4225;
			remoteInfo = AnimeList;
		};
/* End PBXContainerItemProxy section */

/* Begin PBXFileReference section */
		400B1370254FECBD001AE01A /* JikanAPI.swift */ = {isa = PBXFileReference; lastKnownFileType = sourcecode.swift; path = JikanAPI.swift; sourceTree = "<group>"; };
		400B13752550582A001AE01A /* RandomViewController.swift */ = {isa = PBXFileReference; lastKnownFileType = sourcecode.swift; path = RandomViewController.swift; sourceTree = "<group>"; };
		400B137B2551457E001AE01A /* RecommendService.swift */ = {isa = PBXFileReference; lastKnownFileType = sourcecode.swift; path = RecommendService.swift; sourceTree = "<group>"; };
		400B13802551462F001AE01A /* Helpers.swift */ = {isa = PBXFileReference; lastKnownFileType = sourcecode.swift; path = Helpers.swift; sourceTree = "<group>"; };
		400B138625519EE2001AE01A /* Genre&Studio.swift */ = {isa = PBXFileReference; lastKnownFileType = sourcecode.swift; path = "Genre&Studio.swift"; sourceTree = "<group>"; };
		400B138C2551A520001AE01A /* AnimeGenreCollectionViewCell.swift */ = {isa = PBXFileReference; lastKnownFileType = sourcecode.swift; path = AnimeGenreCollectionViewCell.swift; sourceTree = "<group>"; };
		4050C79D2542C25F00A480CF /* AnimeThumbnailCell.xib */ = {isa = PBXFileReference; lastKnownFileType = file.xib; path = AnimeThumbnailCell.xib; sourceTree = "<group>"; };
		4050C7AB2542C8C400A480CF /* GenreAnimesViewController.swift */ = {isa = PBXFileReference; lastKnownFileType = sourcecode.swift; path = GenreAnimesViewController.swift; sourceTree = "<group>"; };
		4050C7B12542E2B200A480CF /* GenreAnime.swift */ = {isa = PBXFileReference; lastKnownFileType = sourcecode.swift; path = GenreAnime.swift; sourceTree = "<group>"; };
		4050C7B52542EE4600A480CF /* AssetColor.swift */ = {isa = PBXFileReference; lastKnownFileType = sourcecode.swift; path = AssetColor.swift; sourceTree = "<group>"; };
		4050C7BA25444D4D00A480CF /* AnimeDetailsViewController.swift */ = {isa = PBXFileReference; lastKnownFileType = sourcecode.swift; path = AnimeDetailsViewController.swift; sourceTree = "<group>"; };
		4050C7BF25446A6700A480CF /* PersonalViewController.swift */ = {isa = PBXFileReference; lastKnownFileType = sourcecode.swift; path = PersonalViewController.swift; sourceTree = "<group>"; };
		4050C7CA2545B27A00A480CF /* NetworkManager.swift */ = {isa = PBXFileReference; lastKnownFileType = sourcecode.swift; path = NetworkManager.swift; sourceTree = "<group>"; };
		406C2B652510B85400C8740E /* DiscoverPageViewController.swift */ = {isa = PBXFileReference; lastKnownFileType = sourcecode.swift; path = DiscoverPageViewController.swift; sourceTree = "<group>"; };
		406C2B692510C77300C8740E /* AnimeThumbnail.swift */ = {isa = PBXFileReference; lastKnownFileType = sourcecode.swift; path = AnimeThumbnail.swift; sourceTree = "<group>"; };
		406C2B6C2510D55300C8740E /* URLExtensions.swift */ = {isa = PBXFileReference; lastKnownFileType = sourcecode.swift; path = URLExtensions.swift; sourceTree = "<group>"; };
		406C2B6E2510D59400C8740E /* SearchAnime.swift */ = {isa = PBXFileReference; lastKnownFileType = sourcecode.swift; path = SearchAnime.swift; sourceTree = "<group>"; };
		406C2B712511042400C8740E /* SearchCell.swift */ = {isa = PBXFileReference; lastKnownFileType = sourcecode.swift; path = SearchCell.swift; sourceTree = "<group>"; };
		406C2B732511043400C8740E /* GenreCell.swift */ = {isa = PBXFileReference; lastKnownFileType = sourcecode.swift; path = GenreCell.swift; sourceTree = "<group>"; };
		406C2B7925110EE200C8740E /* +CollectionView(DiscoverPageVC).swift */ = {isa = PBXFileReference; lastKnownFileType = sourcecode.swift; path = "+CollectionView(DiscoverPageVC).swift"; sourceTree = "<group>"; };
		4079A63B250E3723001A9D3B /* AnimeDetails.swift */ = {isa = PBXFileReference; lastKnownFileType = sourcecode.swift; path = AnimeDetails.swift; sourceTree = "<group>"; };
		4079A63D250E3B9A001A9D3B /* Episode.swift */ = {isa = PBXFileReference; lastKnownFileType = sourcecode.swift; path = Episode.swift; sourceTree = "<group>"; };
		4079A63F250E3EEA001A9D3B /* TopAnime.swift */ = {isa = PBXFileReference; lastKnownFileType = sourcecode.swift; path = TopAnime.swift; sourceTree = "<group>"; };
		4079A641250E489F001A9D3B /* TopViewController.swift */ = {isa = PBXFileReference; lastKnownFileType = sourcecode.swift; path = TopViewController.swift; sourceTree = "<group>"; };
		4079A649250E5846001A9D3B /* HTTPValidation.swift */ = {isa = PBXFileReference; lastKnownFileType = sourcecode.swift; path = HTTPValidation.swift; sourceTree = "<group>"; };
		4079A64C250F73AE001A9D3B /* AssetImage.swift */ = {isa = PBXFileReference; lastKnownFileType = sourcecode.swift; path = AssetImage.swift; sourceTree = "<group>"; };
		4079A650250F7604001A9D3B /* TopSubtypeDataService.swift */ = {isa = PBXFileReference; lastKnownFileType = sourcecode.swift; path = TopSubtypeDataService.swift; sourceTree = "<group>"; };
		4079A653250F7B0E001A9D3B /* TopSubtypeCell.swift */ = {isa = PBXFileReference; lastKnownFileType = sourcecode.swift; path = TopSubtypeCell.swift; sourceTree = "<group>"; };
		4079A655250F80B9001A9D3B /* AnimeThumbnailCell.swift */ = {isa = PBXFileReference; lastKnownFileType = sourcecode.swift; path = AnimeThumbnailCell.swift; sourceTree = "<group>"; };
		4079A657250F8632001A9D3B /* +TopAnimeCollectionDataSource(TopViewController).swift */ = {isa = PBXFileReference; lastKnownFileType = sourcecode.swift; path = "+TopAnimeCollectionDataSource(TopViewController).swift"; sourceTree = "<group>"; };
		4079A659250F864B001A9D3B /* +TopAnimeCollectionDelegate(TopViewController).swift */ = {isa = PBXFileReference; lastKnownFileType = sourcecode.swift; path = "+TopAnimeCollectionDelegate(TopViewController).swift"; sourceTree = "<group>"; };
		4079A65B250F8928001A9D3B /* ImageLoadHelper.swift */ = {isa = PBXFileReference; lastKnownFileType = sourcecode.swift; path = ImageLoadHelper.swift; sourceTree = "<group>"; };
		407A5F59257214DA00533052 /* TopAnimesPageViewModel.swift */ = {isa = PBXFileReference; lastKnownFileType = sourcecode.swift; path = TopAnimesPageViewModel.swift; sourceTree = "<group>"; };
		407A5F5D25721AE700533052 /* Observable.swift */ = {isa = PBXFileReference; lastKnownFileType = sourcecode.swift; path = Observable.swift; sourceTree = "<group>"; };
		407A5F602572294400533052 /* TopAnimeThumbnailViewModel.swift */ = {isa = PBXFileReference; lastKnownFileType = sourcecode.swift; path = TopAnimeThumbnailViewModel.swift; sourceTree = "<group>"; };
		407A5F6425726B5B00533052 /* AnimeThumbnailViewModel.swift */ = {isa = PBXFileReference; lastKnownFileType = sourcecode.swift; path = AnimeThumbnailViewModel.swift; sourceTree = "<group>"; };
		4082B64E255285CC00DC14A2 /* README.md */ = {isa = PBXFileReference; fileEncoding = 4; lastKnownFileType = net.daringfireball.markdown; path = README.md; sourceTree = "<group>"; };
		4082B6512552888800DC14A2 /* DisplayInfo.swift */ = {isa = PBXFileReference; lastKnownFileType = sourcecode.swift; path = DisplayInfo.swift; sourceTree = "<group>"; };
		4082B69F255415D200DC14A2 /* PersonalAnimeCollectionViewCell.swift */ = {isa = PBXFileReference; lastKnownFileType = sourcecode.swift; path = PersonalAnimeCollectionViewCell.swift; sourceTree = "<group>"; };
		4082B6A325551E6400DC14A2 /* AnimeList.xcdatamodel */ = {isa = PBXFileReference; lastKnownFileType = wrapper.xcdatamodel; path = AnimeList.xcdatamodel; sourceTree = "<group>"; };
		40C90253250A35BA009D4225 /* AnimeList.app */ = {isa = PBXFileReference; explicitFileType = wrapper.application; includeInIndex = 0; path = AnimeList.app; sourceTree = BUILT_PRODUCTS_DIR; };
		40C90256250A35BA009D4225 /* AppDelegate.swift */ = {isa = PBXFileReference; lastKnownFileType = sourcecode.swift; path = AppDelegate.swift; sourceTree = "<group>"; };
		40C90258250A35BA009D4225 /* SceneDelegate.swift */ = {isa = PBXFileReference; lastKnownFileType = sourcecode.swift; path = SceneDelegate.swift; sourceTree = "<group>"; };
		40C9025D250A35BA009D4225 /* Base */ = {isa = PBXFileReference; lastKnownFileType = file.storyboard; name = Base; path = Base.lproj/Main.storyboard; sourceTree = "<group>"; };
		40C9025F250A35BF009D4225 /* Assets.xcassets */ = {isa = PBXFileReference; lastKnownFileType = folder.assetcatalog; path = Assets.xcassets; sourceTree = "<group>"; };
		40C90262250A35BF009D4225 /* Base */ = {isa = PBXFileReference; lastKnownFileType = file.storyboard; name = Base; path = Base.lproj/LaunchScreen.storyboard; sourceTree = "<group>"; };
		40C90264250A35BF009D4225 /* Info.plist */ = {isa = PBXFileReference; lastKnownFileType = text.plist.xml; path = Info.plist; sourceTree = "<group>"; };
		40EEEC3A2573C456009DF86F /* AnimeDetailsPageViewModel.swift */ = {isa = PBXFileReference; lastKnownFileType = sourcecode.swift; path = AnimeDetailsPageViewModel.swift; sourceTree = "<group>"; };
		40EEEC3E2573C512009DF86F /* AnimeDetailsViewModel.swift */ = {isa = PBXFileReference; lastKnownFileType = sourcecode.swift; path = AnimeDetailsViewModel.swift; sourceTree = "<group>"; };
		40EEEC7225760827009DF86F /* SeachAnimesViewController.swift */ = {isa = PBXFileReference; lastKnownFileType = sourcecode.swift; path = SeachAnimesViewController.swift; sourceTree = "<group>"; };
		40EEEC75257609D7009DF86F /* SearchCell.xib */ = {isa = PBXFileReference; lastKnownFileType = file.xib; path = SearchCell.xib; sourceTree = "<group>"; };
		40EEEC7825761424009DF86F /* +CollectionView(SearchAnimesViewController).swift */ = {isa = PBXFileReference; lastKnownFileType = sourcecode.swift; path = "+CollectionView(SearchAnimesViewController).swift"; sourceTree = "<group>"; };
		40EEEC8625762190009DF86F /* AnimeWebService.swift */ = {isa = PBXFileReference; lastKnownFileType = sourcecode.swift; path = AnimeWebService.swift; sourceTree = "<group>"; };
		40EEEC94257727B0009DF86F /* Storyboard.swift */ = {isa = PBXFileReference; lastKnownFileType = sourcecode.swift; path = Storyboard.swift; sourceTree = "<group>"; };
		40EEEC9825775E66009DF86F /* SearchAnimesPageViewModel.swift */ = {isa = PBXFileReference; lastKnownFileType = sourcecode.swift; path = SearchAnimesPageViewModel.swift; sourceTree = "<group>"; };
		40EEEC9E25776741009DF86F /* GenreAnimesPageViewModel.swift */ = {isa = PBXFileReference; lastKnownFileType = sourcecode.swift; path = GenreAnimesPageViewModel.swift; sourceTree = "<group>"; };
		40EEECA425776C3F009DF86F /* RandomPageViewModel.swift */ = {isa = PBXFileReference; lastKnownFileType = sourcecode.swift; path = RandomPageViewModel.swift; sourceTree = "<group>"; };
		40EEECD5257893AD009DF86F /* BaseTabBarController.swift */ = {isa = PBXFileReference; lastKnownFileType = sourcecode.swift; path = BaseTabBarController.swift; sourceTree = "<group>"; };
		40EEECE525790698009DF86F /* PersonalAnimeEntity+CoreDataClass.swift */ = {isa = PBXFileReference; lastKnownFileType = sourcecode.swift; path = "PersonalAnimeEntity+CoreDataClass.swift"; sourceTree = "<group>"; };
		40EEECE625790698009DF86F /* PersonalAnimeEntity+CoreDataProperties.swift */ = {isa = PBXFileReference; lastKnownFileType = sourcecode.swift; path = "PersonalAnimeEntity+CoreDataProperties.swift"; sourceTree = "<group>"; };
		40EEECEC25790948009DF86F /* CoreDataStorage.swift */ = {isa = PBXFileReference; lastKnownFileType = sourcecode.swift; path = CoreDataStorage.swift; sourceTree = "<group>"; };
		40EEECEF25790A93009DF86F /* PersonalAnimeCoreDataStorage.swift */ = {isa = PBXFileReference; lastKnownFileType = sourcecode.swift; path = PersonalAnimeCoreDataStorage.swift; sourceTree = "<group>"; };
		40EEECF225791052009DF86F /* PersonalAnimeDTO.swift */ = {isa = PBXFileReference; lastKnownFileType = sourcecode.swift; path = PersonalAnimeDTO.swift; sourceTree = "<group>"; };
		40EEED1F2579FEE7009DF86F /* AnimeListTests.xctest */ = {isa = PBXFileReference; explicitFileType = wrapper.cfbundle; includeInIndex = 0; path = AnimeListTests.xctest; sourceTree = BUILT_PRODUCTS_DIR; };
		40EEED212579FEE7009DF86F /* TopAnimeThumbnailViewModelTest.swift */ = {isa = PBXFileReference; lastKnownFileType = sourcecode.swift; path = TopAnimeThumbnailViewModelTest.swift; sourceTree = "<group>"; };
		40EEED232579FEE7009DF86F /* Info.plist */ = {isa = PBXFileReference; lastKnownFileType = text.plist.xml; path = Info.plist; sourceTree = "<group>"; };
		40EEED2D2579FFB2009DF86F /* TopAnimeDTO+Stub.swift */ = {isa = PBXFileReference; lastKnownFileType = sourcecode.swift; path = "TopAnimeDTO+Stub.swift"; sourceTree = "<group>"; };
		40EEED35257A0361009DF86F /* TopAnimesPageViewModelTest.swift */ = {isa = PBXFileReference; lastKnownFileType = sourcecode.swift; path = TopAnimesPageViewModelTest.swift; sourceTree = "<group>"; };
/* End PBXFileReference section */

/* Begin PBXFrameworksBuildPhase section */
		40C90250250A35BA009D4225 /* Frameworks */ = {
			isa = PBXFrameworksBuildPhase;
			buildActionMask = 2147483647;
			files = (
			);
			runOnlyForDeploymentPostprocessing = 0;
		};
		40EEED1C2579FEE7009DF86F /* Frameworks */ = {
			isa = PBXFrameworksBuildPhase;
			buildActionMask = 2147483647;
			files = (
			);
			runOnlyForDeploymentPostprocessing = 0;
		};
/* End PBXFrameworksBuildPhase section */

/* Begin PBXGroup section */
		400B137A25514538001AE01A /* RecommendService */ = {
			isa = PBXGroup;
			children = (
				400B137B2551457E001AE01A /* RecommendService.swift */,
			);
			path = RecommendService;
			sourceTree = "<group>";
		};
		400B137F25514620001AE01A /* Global Helpers */ = {
			isa = PBXGroup;
			children = (
				400B13802551462F001AE01A /* Helpers.swift */,
				407A5F5D25721AE700533052 /* Observable.swift */,
			);
			path = "Global Helpers";
			sourceTree = "<group>";
		};
		406C2B6B2510D48800C8740E /* Helpers */ = {
			isa = PBXGroup;
			children = (
				4079A649250E5846001A9D3B /* HTTPValidation.swift */,
				4079A65B250F8928001A9D3B /* ImageLoadHelper.swift */,
				406C2B6C2510D55300C8740E /* URLExtensions.swift */,
			);
			path = Helpers;
			sourceTree = "<group>";
		};
		4079A63A250E36FE001A9D3B /* PersistenceStorage */ = {
			isa = PBXGroup;
			children = (
				40EEECEF25790A93009DF86F /* PersonalAnimeCoreDataStorage.swift */,
				40EEECF225791052009DF86F /* PersonalAnimeDTO.swift */,
				4082B6AA25551F1900DC14A2 /* CoreDataClass */,
			);
			path = PersistenceStorage;
			sourceTree = "<group>";
		};
		4079A646250E54B6001A9D3B /* WebService */ = {
			isa = PBXGroup;
			children = (
				4082B6A725551EF000DC14A2 /* WebModel */,
				400B1370254FECBD001AE01A /* JikanAPI.swift */,
				40EEEC8625762190009DF86F /* AnimeWebService.swift */,
				406C2B6B2510D48800C8740E /* Helpers */,
			);
			path = WebService;
			sourceTree = "<group>";
		};
		4079A64E250F73B7001A9D3B /* Assets */ = {
			isa = PBXGroup;
			children = (
				4079A64C250F73AE001A9D3B /* AssetImage.swift */,
				4050C7B52542EE4600A480CF /* AssetColor.swift */,
				40C9025F250A35BF009D4225 /* Assets.xcassets */,
			);
			path = Assets;
			sourceTree = "<group>";
		};
		4079A64F250F7536001A9D3B /* SubtypeDataService */ = {
			isa = PBXGroup;
			children = (
				4079A650250F7604001A9D3B /* TopSubtypeDataService.swift */,
				4079A653250F7B0E001A9D3B /* TopSubtypeCell.swift */,
			);
			path = SubtypeDataService;
			sourceTree = "<group>";
		};
		407A5F3A257204D200533052 /* Presentation */ = {
			isa = PBXGroup;
			children = (
				40EEECD42578938D009DF86F /* TabBar */,
				407A5F41257205B400533052 /* AnimeDetailsPage */,
				407A5F3B257204E300533052 /* TopPage */,
				407A5F442572078900533052 /* DiscoverPage */,
				407A5F49257207AF00533052 /* GenrePage */,
				407A5F3E2572058500533052 /* RandomPage */,
				407A5F5525720B3200533052 /* AnimeThumbnailCell */,
			);
			path = Presentation;
			sourceTree = "<group>";
		};
		407A5F3B257204E300533052 /* TopPage */ = {
			isa = PBXGroup;
			children = (
				407A5F3D2572050500533052 /* ViewModel */,
				407A5F3C2572050000533052 /* View */,
			);
			path = TopPage;
			sourceTree = "<group>";
		};
		407A5F3C2572050000533052 /* View */ = {
			isa = PBXGroup;
			children = (
				4079A641250E489F001A9D3B /* TopViewController.swift */,
				4079A657250F8632001A9D3B /* +TopAnimeCollectionDataSource(TopViewController).swift */,
				4079A659250F864B001A9D3B /* +TopAnimeCollectionDelegate(TopViewController).swift */,
				4079A64F250F7536001A9D3B /* SubtypeDataService */,
			);
			path = View;
			sourceTree = "<group>";
		};
		407A5F3D2572050500533052 /* ViewModel */ = {
			isa = PBXGroup;
			children = (
				407A5F59257214DA00533052 /* TopAnimesPageViewModel.swift */,
				407A5F602572294400533052 /* TopAnimeThumbnailViewModel.swift */,
			);
			path = ViewModel;
			sourceTree = "<group>";
		};
		407A5F3E2572058500533052 /* RandomPage */ = {
			isa = PBXGroup;
			children = (
				40EEECA325776BA8009DF86F /* ViewModel */,
				400B13752550582A001AE01A /* RandomViewController.swift */,
			);
			path = RandomPage;
			sourceTree = "<group>";
		};
		407A5F41257205B400533052 /* AnimeDetailsPage */ = {
			isa = PBXGroup;
			children = (
				40EEEC392573C43E009DF86F /* ViewModel */,
				4050C7BA25444D4D00A480CF /* AnimeDetailsViewController.swift */,
				400B138C2551A520001AE01A /* AnimeGenreCollectionViewCell.swift */,
			);
			path = AnimeDetailsPage;
			sourceTree = "<group>";
		};
		407A5F442572078900533052 /* DiscoverPage */ = {
			isa = PBXGroup;
			children = (
				407A5F462572079C00533052 /* ViewModel */,
				407A5F452572079700533052 /* View */,
			);
			path = DiscoverPage;
			sourceTree = "<group>";
		};
		407A5F452572079700533052 /* View */ = {
			isa = PBXGroup;
			children = (
				406C2B652510B85400C8740E /* DiscoverPageViewController.swift */,
				406C2B7925110EE200C8740E /* +CollectionView(DiscoverPageVC).swift */,
			);
			path = View;
			sourceTree = "<group>";
		};
		407A5F462572079C00533052 /* ViewModel */ = {
			isa = PBXGroup;
			children = (
			);
			path = ViewModel;
			sourceTree = "<group>";
		};
		407A5F49257207AF00533052 /* GenrePage */ = {
			isa = PBXGroup;
			children = (
				40EEEC9D25776721009DF86F /* ViewModel */,
				4050C7AB2542C8C400A480CF /* GenreAnimesViewController.swift */,
				406C2B732511043400C8740E /* GenreCell.swift */,
			);
			path = GenrePage;
			sourceTree = "<group>";
		};
		407A5F4C257207DF00533052 /* PersonalPage */ = {
			isa = PBXGroup;
			children = (
				4050C7BF25446A6700A480CF /* PersonalViewController.swift */,
				4082B69F255415D200DC14A2 /* PersonalAnimeCollectionViewCell.swift */,
			);
			path = PersonalPage;
			sourceTree = "<group>";
		};
		407A5F4E2572081400533052 /* Application */ = {
			isa = PBXGroup;
			children = (
				40C90256250A35BA009D4225 /* AppDelegate.swift */,
				40C90258250A35BA009D4225 /* SceneDelegate.swift */,
				40EEEC94257727B0009DF86F /* Storyboard.swift */,
				40C9025C250A35BA009D4225 /* Main.storyboard */,
			);
			path = Application;
			sourceTree = "<group>";
		};
		407A5F4F2572085C00533052 /* Resources */ = {
			isa = PBXGroup;
			children = (
				40C90261250A35BF009D4225 /* LaunchScreen.storyboard */,
				40C90264250A35BF009D4225 /* Info.plist */,
				400B137F25514620001AE01A /* Global Helpers */,
				4079A64E250F73B7001A9D3B /* Assets */,
			);
			path = Resources;
			sourceTree = "<group>";
		};
		407A5F5025720A7D00533052 /* Data */ = {
			isa = PBXGroup;
			children = (
				400B137A25514538001AE01A /* RecommendService */,
				4079A646250E54B6001A9D3B /* WebService */,
				4079A63A250E36FE001A9D3B /* PersistenceStorage */,
			);
			path = Data;
			sourceTree = "<group>";
		};
		407A5F5525720B3200533052 /* AnimeThumbnailCell */ = {
			isa = PBXGroup;
			children = (
				407A5F6425726B5B00533052 /* AnimeThumbnailViewModel.swift */,
				4079A655250F80B9001A9D3B /* AnimeThumbnailCell.swift */,
				4050C79D2542C25F00A480CF /* AnimeThumbnailCell.xib */,
			);
			path = AnimeThumbnailCell;
			sourceTree = "<group>";
		};
		407A5F5625720B9200533052 /* Cell */ = {
			isa = PBXGroup;
			children = (
				406C2B712511042400C8740E /* SearchCell.swift */,
				40EEEC75257609D7009DF86F /* SearchCell.xib */,
			);
			path = Cell;
			sourceTree = "<group>";
		};
		4082B6A725551EF000DC14A2 /* WebModel */ = {
			isa = PBXGroup;
			children = (
				4079A63B250E3723001A9D3B /* AnimeDetails.swift */,
				4079A63D250E3B9A001A9D3B /* Episode.swift */,
				4082B6512552888800DC14A2 /* DisplayInfo.swift */,
				400B138625519EE2001AE01A /* Genre&Studio.swift */,
				406C2B6E2510D59400C8740E /* SearchAnime.swift */,
				4079A63F250E3EEA001A9D3B /* TopAnime.swift */,
				4050C7B12542E2B200A480CF /* GenreAnime.swift */,
				406C2B692510C77300C8740E /* AnimeThumbnail.swift */,
			);
			path = WebModel;
			sourceTree = "<group>";
		};
		4082B6AA25551F1900DC14A2 /* CoreDataClass */ = {
			isa = PBXGroup;
			children = (
				40EEECE525790698009DF86F /* PersonalAnimeEntity+CoreDataClass.swift */,
				40EEECE625790698009DF86F /* PersonalAnimeEntity+CoreDataProperties.swift */,
				4082B6A225551E6400DC14A2 /* AnimeList.xcdatamodeld */,
			);
			path = CoreDataClass;
			sourceTree = "<group>";
		};
		40C9024A250A35BA009D4225 = {
			isa = PBXGroup;
			children = (
				4082B64E255285CC00DC14A2 /* README.md */,
				40C90255250A35BA009D4225 /* AnimeList */,
				40EEED202579FEE7009DF86F /* AnimeListTests */,
				40C90254250A35BA009D4225 /* Products */,
			);
			sourceTree = "<group>";
		};
		40C90254250A35BA009D4225 /* Products */ = {
			isa = PBXGroup;
			children = (
				40C90253250A35BA009D4225 /* AnimeList.app */,
				40EEED1F2579FEE7009DF86F /* AnimeListTests.xctest */,
			);
			name = Products;
			sourceTree = "<group>";
		};
		40C90255250A35BA009D4225 /* AnimeList */ = {
			isa = PBXGroup;
			children = (
				407A5F4F2572085C00533052 /* Resources */,
				407A5F4E2572081400533052 /* Application */,
				407A5F3A257204D200533052 /* Presentation */,
				407A5F5025720A7D00533052 /* Data */,
				40EEECE1257904FB009DF86F /* Infrastructure */,
			);
			path = AnimeList;
			sourceTree = "<group>";
		};
		40EEEC392573C43E009DF86F /* ViewModel */ = {
			isa = PBXGroup;
			children = (
				40EEEC3A2573C456009DF86F /* AnimeDetailsPageViewModel.swift */,
				40EEEC3E2573C512009DF86F /* AnimeDetailsViewModel.swift */,
			);
			path = ViewModel;
			sourceTree = "<group>";
		};
		40EEEC80257615DA009DF86F /* SearchPage */ = {
			isa = PBXGroup;
			children = (
				40EEEC9B25775E71009DF86F /* ViewModel */,
				407A5F5625720B9200533052 /* Cell */,
				40EEEC7225760827009DF86F /* SeachAnimesViewController.swift */,
				40EEEC7825761424009DF86F /* +CollectionView(SearchAnimesViewController).swift */,
			);
			path = SearchPage;
			sourceTree = "<group>";
		};
		40EEEC9B25775E71009DF86F /* ViewModel */ = {
			isa = PBXGroup;
			children = (
				40EEEC9825775E66009DF86F /* SearchAnimesPageViewModel.swift */,
			);
			path = ViewModel;
			sourceTree = "<group>";
		};
		40EEEC9D25776721009DF86F /* ViewModel */ = {
			isa = PBXGroup;
			children = (
				40EEEC9E25776741009DF86F /* GenreAnimesPageViewModel.swift */,
			);
			path = ViewModel;
			sourceTree = "<group>";
		};
		40EEECA325776BA8009DF86F /* ViewModel */ = {
			isa = PBXGroup;
			children = (
				40EEECA425776C3F009DF86F /* RandomPageViewModel.swift */,
			);
			path = ViewModel;
			sourceTree = "<group>";
		};
		40EEECD42578938D009DF86F /* TabBar */ = {
			isa = PBXGroup;
			children = (
				40EEECD5257893AD009DF86F /* BaseTabBarController.swift */,
				40EEEC80257615DA009DF86F /* SearchPage */,
				407A5F4C257207DF00533052 /* PersonalPage */,
			);
			path = TabBar;
			sourceTree = "<group>";
		};
		40EEECE1257904FB009DF86F /* Infrastructure */ = {
			isa = PBXGroup;
			children = (
				40EEECF9257921FA009DF86F /* CoreData */,
				40EEECE225790511009DF86F /* Network */,
			);
			path = Infrastructure;
			sourceTree = "<group>";
		};
		40EEECE225790511009DF86F /* Network */ = {
			isa = PBXGroup;
			children = (
				4050C7CA2545B27A00A480CF /* NetworkManager.swift */,
			);
			path = Network;
			sourceTree = "<group>";
		};
		40EEECF9257921FA009DF86F /* CoreData */ = {
			isa = PBXGroup;
			children = (
				40EEECEC25790948009DF86F /* CoreDataStorage.swift */,
			);
			path = CoreData;
			sourceTree = "<group>";
		};
		40EEED202579FEE7009DF86F /* AnimeListTests */ = {
			isa = PBXGroup;
			children = (
				40EEED33257A0337009DF86F /* Presentation */,
				40EEED2D2579FFB2009DF86F /* TopAnimeDTO+Stub.swift */,
				40EEED232579FEE7009DF86F /* Info.plist */,
			);
			path = AnimeListTests;
			sourceTree = "<group>";
		};
		40EEED33257A0337009DF86F /* Presentation */ = {
			isa = PBXGroup;
			children = (
				40EEED34257A033F009DF86F /* TopPage */,
			);
			path = Presentation;
			sourceTree = "<group>";
		};
		40EEED34257A033F009DF86F /* TopPage */ = {
			isa = PBXGroup;
			children = (
				40EEED212579FEE7009DF86F /* TopAnimeThumbnailViewModelTest.swift */,
				40EEED35257A0361009DF86F /* TopAnimesPageViewModelTest.swift */,
			);
			path = TopPage;
			sourceTree = "<group>";
		};
/* End PBXGroup section */

/* Begin PBXNativeTarget section */
		40C90252250A35BA009D4225 /* AnimeList */ = {
			isa = PBXNativeTarget;
			buildConfigurationList = 40C90267250A35BF009D4225 /* Build configuration list for PBXNativeTarget "AnimeList" */;
			buildPhases = (
				40C9024F250A35BA009D4225 /* Sources */,
				40C90250250A35BA009D4225 /* Frameworks */,
				40C90251250A35BA009D4225 /* Resources */,
			);
			buildRules = (
			);
			dependencies = (
			);
			name = AnimeList;
			productName = AnimeList;
			productReference = 40C90253250A35BA009D4225 /* AnimeList.app */;
			productType = "com.apple.product-type.application";
		};
		40EEED1E2579FEE7009DF86F /* AnimeListTests */ = {
			isa = PBXNativeTarget;
			buildConfigurationList = 40EEED262579FEE7009DF86F /* Build configuration list for PBXNativeTarget "AnimeListTests" */;
			buildPhases = (
				40EEED1B2579FEE7009DF86F /* Sources */,
				40EEED1C2579FEE7009DF86F /* Frameworks */,
				40EEED1D2579FEE7009DF86F /* Resources */,
			);
			buildRules = (
			);
			dependencies = (
				40EEED252579FEE7009DF86F /* PBXTargetDependency */,
			);
			name = AnimeListTests;
			productName = AnimeListTests;
			productReference = 40EEED1F2579FEE7009DF86F /* AnimeListTests.xctest */;
			productType = "com.apple.product-type.bundle.unit-test";
		};
/* End PBXNativeTarget section */

/* Begin PBXProject section */
		40C9024B250A35BA009D4225 /* Project object */ = {
			isa = PBXProject;
			attributes = {
				LastSwiftUpdateCheck = 1210;
				LastUpgradeCheck = 1170;
				ORGANIZATIONNAME = Johnny;
				TargetAttributes = {
					40C90252250A35BA009D4225 = {
						CreatedOnToolsVersion = 11.7;
					};
					40EEED1E2579FEE7009DF86F = {
						CreatedOnToolsVersion = 12.1;
						TestTargetID = 40C90252250A35BA009D4225;
					};
				};
			};
			buildConfigurationList = 40C9024E250A35BA009D4225 /* Build configuration list for PBXProject "AnimeList" */;
			compatibilityVersion = "Xcode 9.3";
			developmentRegion = en;
			hasScannedForEncodings = 0;
			knownRegions = (
				en,
				Base,
			);
			mainGroup = 40C9024A250A35BA009D4225;
			productRefGroup = 40C90254250A35BA009D4225 /* Products */;
			projectDirPath = "";
			projectRoot = "";
			targets = (
				40C90252250A35BA009D4225 /* AnimeList */,
				40EEED1E2579FEE7009DF86F /* AnimeListTests */,
			);
		};
/* End PBXProject section */

/* Begin PBXResourcesBuildPhase section */
		40C90251250A35BA009D4225 /* Resources */ = {
			isa = PBXResourcesBuildPhase;
			buildActionMask = 2147483647;
			files = (
				4050C79E2542C25F00A480CF /* AnimeThumbnailCell.xib in Resources */,
				40C90263250A35BF009D4225 /* LaunchScreen.storyboard in Resources */,
				4082B64F255285CC00DC14A2 /* README.md in Resources */,
				40EEEC76257609D7009DF86F /* SearchCell.xib in Resources */,
				40C90260250A35BF009D4225 /* Assets.xcassets in Resources */,
				40C9025E250A35BA009D4225 /* Main.storyboard in Resources */,
			);
			runOnlyForDeploymentPostprocessing = 0;
		};
		40EEED1D2579FEE7009DF86F /* Resources */ = {
			isa = PBXResourcesBuildPhase;
			buildActionMask = 2147483647;
			files = (
			);
			runOnlyForDeploymentPostprocessing = 0;
		};
/* End PBXResourcesBuildPhase section */

/* Begin PBXSourcesBuildPhase section */
		40C9024F250A35BA009D4225 /* Sources */ = {
			isa = PBXSourcesBuildPhase;
			buildActionMask = 2147483647;
			files = (
				40EEECA525776C3F009DF86F /* RandomPageViewModel.swift in Sources */,
				400B137C2551457E001AE01A /* RecommendService.swift in Sources */,
				4079A651250F7604001A9D3B /* TopSubtypeDataService.swift in Sources */,
				4050C7BB25444D4D00A480CF /* AnimeDetailsViewController.swift in Sources */,
				4079A642250E489F001A9D3B /* TopViewController.swift in Sources */,
				4079A656250F80B9001A9D3B /* AnimeThumbnailCell.swift in Sources */,
				4079A63C250E3723001A9D3B /* AnimeDetails.swift in Sources */,
				406C2B6F2510D59400C8740E /* SearchAnime.swift in Sources */,
				400B138725519EE2001AE01A /* Genre&Studio.swift in Sources */,
				4079A654250F7B0E001A9D3B /* TopSubtypeCell.swift in Sources */,
				4079A65A250F864B001A9D3B /* +TopAnimeCollectionDelegate(TopViewController).swift in Sources */,
				400B1371254FECBD001AE01A /* JikanAPI.swift in Sources */,
				407A5F5A257214DA00533052 /* TopAnimesPageViewModel.swift in Sources */,
				407A5F612572294400533052 /* TopAnimeThumbnailViewModel.swift in Sources */,
				4079A64A250E5846001A9D3B /* HTTPValidation.swift in Sources */,
				40EEECF025790A93009DF86F /* PersonalAnimeCoreDataStorage.swift in Sources */,
				400B13762550582A001AE01A /* RandomViewController.swift in Sources */,
				40EEEC7325760827009DF86F /* SeachAnimesViewController.swift in Sources */,
				407A5F5E25721AE700533052 /* Observable.swift in Sources */,
				407A5F6525726B5B00533052 /* AnimeThumbnailViewModel.swift in Sources */,
				40EEEC9F25776741009DF86F /* GenreAnimesPageViewModel.swift in Sources */,
				4050C7AC2542C8C400A480CF /* GenreAnimesViewController.swift in Sources */,
				4082B6A0255415D200DC14A2 /* PersonalAnimeCollectionViewCell.swift in Sources */,
				406C2B722511042400C8740E /* SearchCell.swift in Sources */,
				4079A658250F8632001A9D3B /* +TopAnimeCollectionDataSource(TopViewController).swift in Sources */,
				4079A64D250F73AE001A9D3B /* AssetImage.swift in Sources */,
				4050C7CB2545B27A00A480CF /* NetworkManager.swift in Sources */,
				4079A640250E3EEA001A9D3B /* TopAnime.swift in Sources */,
				4050C7B62542EE4600A480CF /* AssetColor.swift in Sources */,
				40EEEC7925761424009DF86F /* +CollectionView(SearchAnimesViewController).swift in Sources */,
				4082B6522552888800DC14A2 /* DisplayInfo.swift in Sources */,
				4082B6A425551E6400DC14A2 /* AnimeList.xcdatamodeld in Sources */,
				406C2B662510B85400C8740E /* DiscoverPageViewController.swift in Sources */,
				40C90257250A35BA009D4225 /* AppDelegate.swift in Sources */,
				40EEECE725790698009DF86F /* PersonalAnimeEntity+CoreDataClass.swift in Sources */,
				4079A63E250E3B9A001A9D3B /* Episode.swift in Sources */,
				40EEECD6257893AD009DF86F /* BaseTabBarController.swift in Sources */,
				406C2B7A25110EE200C8740E /* +CollectionView(DiscoverPageVC).swift in Sources */,
				4050C7B22542E2B200A480CF /* GenreAnime.swift in Sources */,
				40EEECED25790948009DF86F /* CoreDataStorage.swift in Sources */,
				400B13812551462F001AE01A /* Helpers.swift in Sources */,
				4050C7C025446A6700A480CF /* PersonalViewController.swift in Sources */,
				406C2B6A2510C77300C8740E /* AnimeThumbnail.swift in Sources */,
				406C2B6D2510D55300C8740E /* URLExtensions.swift in Sources */,
				406C2B742511043400C8740E /* GenreCell.swift in Sources */,
				40EEEC9925775E66009DF86F /* SearchAnimesPageViewModel.swift in Sources */,
				40EEEC3F2573C512009DF86F /* AnimeDetailsViewModel.swift in Sources */,
				40EEECE825790698009DF86F /* PersonalAnimeEntity+CoreDataProperties.swift in Sources */,
				40EEEC3B2573C456009DF86F /* AnimeDetailsPageViewModel.swift in Sources */,
				40C90259250A35BA009D4225 /* SceneDelegate.swift in Sources */,
				40EEEC95257727B0009DF86F /* Storyboard.swift in Sources */,
				400B138D2551A520001AE01A /* AnimeGenreCollectionViewCell.swift in Sources */,
				40EEEC8725762190009DF86F /* AnimeWebService.swift in Sources */,
				40EEECF325791052009DF86F /* PersonalAnimeDTO.swift in Sources */,
				4079A65C250F8928001A9D3B /* ImageLoadHelper.swift in Sources */,
			);
			runOnlyForDeploymentPostprocessing = 0;
		};
		40EEED1B2579FEE7009DF86F /* Sources */ = {
			isa = PBXSourcesBuildPhase;
			buildActionMask = 2147483647;
			files = (
				40EEED2E2579FFB2009DF86F /* TopAnimeDTO+Stub.swift in Sources */,
				40EEED222579FEE7009DF86F /* TopAnimeThumbnailViewModelTest.swift in Sources */,
				40EEED36257A0361009DF86F /* TopAnimesPageViewModelTest.swift in Sources */,
			);
			runOnlyForDeploymentPostprocessing = 0;
		};
/* End PBXSourcesBuildPhase section */

/* Begin PBXTargetDependency section */
		40EEED252579FEE7009DF86F /* PBXTargetDependency */ = {
			isa = PBXTargetDependency;
			target = 40C90252250A35BA009D4225 /* AnimeList */;
			targetProxy = 40EEED242579FEE7009DF86F /* PBXContainerItemProxy */;
		};
/* End PBXTargetDependency section */

/* Begin PBXVariantGroup section */
		40C9025C250A35BA009D4225 /* Main.storyboard */ = {
			isa = PBXVariantGroup;
			children = (
				40C9025D250A35BA009D4225 /* Base */,
			);
			name = Main.storyboard;
			sourceTree = "<group>";
		};
		40C90261250A35BF009D4225 /* LaunchScreen.storyboard */ = {
			isa = PBXVariantGroup;
			children = (
				40C90262250A35BF009D4225 /* Base */,
			);
			name = LaunchScreen.storyboard;
			sourceTree = "<group>";
		};
/* End PBXVariantGroup section */

/* Begin XCBuildConfiguration section */
		40C90265250A35BF009D4225 /* Debug */ = {
			isa = XCBuildConfiguration;
			buildSettings = {
				ALWAYS_SEARCH_USER_PATHS = NO;
				CLANG_ANALYZER_NONNULL = YES;
				CLANG_ANALYZER_NUMBER_OBJECT_CONVERSION = YES_AGGRESSIVE;
				CLANG_CXX_LANGUAGE_STANDARD = "gnu++14";
				CLANG_CXX_LIBRARY = "libc++";
				CLANG_ENABLE_MODULES = YES;
				CLANG_ENABLE_OBJC_ARC = YES;
				CLANG_ENABLE_OBJC_WEAK = YES;
				CLANG_WARN_BLOCK_CAPTURE_AUTORELEASING = YES;
				CLANG_WARN_BOOL_CONVERSION = YES;
				CLANG_WARN_COMMA = YES;
				CLANG_WARN_CONSTANT_CONVERSION = YES;
				CLANG_WARN_DEPRECATED_OBJC_IMPLEMENTATIONS = YES;
				CLANG_WARN_DIRECT_OBJC_ISA_USAGE = YES_ERROR;
				CLANG_WARN_DOCUMENTATION_COMMENTS = YES;
				CLANG_WARN_EMPTY_BODY = YES;
				CLANG_WARN_ENUM_CONVERSION = YES;
				CLANG_WARN_INFINITE_RECURSION = YES;
				CLANG_WARN_INT_CONVERSION = YES;
				CLANG_WARN_NON_LITERAL_NULL_CONVERSION = YES;
				CLANG_WARN_OBJC_IMPLICIT_RETAIN_SELF = YES;
				CLANG_WARN_OBJC_LITERAL_CONVERSION = YES;
				CLANG_WARN_OBJC_ROOT_CLASS = YES_ERROR;
				CLANG_WARN_RANGE_LOOP_ANALYSIS = YES;
				CLANG_WARN_STRICT_PROTOTYPES = YES;
				CLANG_WARN_SUSPICIOUS_MOVE = YES;
				CLANG_WARN_UNGUARDED_AVAILABILITY = YES_AGGRESSIVE;
				CLANG_WARN_UNREACHABLE_CODE = YES;
				CLANG_WARN__DUPLICATE_METHOD_MATCH = YES;
				COPY_PHASE_STRIP = NO;
				DEBUG_INFORMATION_FORMAT = dwarf;
				ENABLE_STRICT_OBJC_MSGSEND = YES;
				ENABLE_TESTABILITY = YES;
				GCC_C_LANGUAGE_STANDARD = gnu11;
				GCC_DYNAMIC_NO_PIC = NO;
				GCC_NO_COMMON_BLOCKS = YES;
				GCC_OPTIMIZATION_LEVEL = 0;
				GCC_PREPROCESSOR_DEFINITIONS = (
					"DEBUG=1",
					"$(inherited)",
				);
				GCC_WARN_64_TO_32_BIT_CONVERSION = YES;
				GCC_WARN_ABOUT_RETURN_TYPE = YES_ERROR;
				GCC_WARN_UNDECLARED_SELECTOR = YES;
				GCC_WARN_UNINITIALIZED_AUTOS = YES_AGGRESSIVE;
				GCC_WARN_UNUSED_FUNCTION = YES;
				GCC_WARN_UNUSED_VARIABLE = YES;
				IPHONEOS_DEPLOYMENT_TARGET = 13.7;
				MTL_ENABLE_DEBUG_INFO = INCLUDE_SOURCE;
				MTL_FAST_MATH = YES;
				ONLY_ACTIVE_ARCH = YES;
				SDKROOT = iphoneos;
				SWIFT_ACTIVE_COMPILATION_CONDITIONS = DEBUG;
				SWIFT_OPTIMIZATION_LEVEL = "-Onone";
			};
			name = Debug;
		};
		40C90266250A35BF009D4225 /* Release */ = {
			isa = XCBuildConfiguration;
			buildSettings = {
				ALWAYS_SEARCH_USER_PATHS = NO;
				CLANG_ANALYZER_NONNULL = YES;
				CLANG_ANALYZER_NUMBER_OBJECT_CONVERSION = YES_AGGRESSIVE;
				CLANG_CXX_LANGUAGE_STANDARD = "gnu++14";
				CLANG_CXX_LIBRARY = "libc++";
				CLANG_ENABLE_MODULES = YES;
				CLANG_ENABLE_OBJC_ARC = YES;
				CLANG_ENABLE_OBJC_WEAK = YES;
				CLANG_WARN_BLOCK_CAPTURE_AUTORELEASING = YES;
				CLANG_WARN_BOOL_CONVERSION = YES;
				CLANG_WARN_COMMA = YES;
				CLANG_WARN_CONSTANT_CONVERSION = YES;
				CLANG_WARN_DEPRECATED_OBJC_IMPLEMENTATIONS = YES;
				CLANG_WARN_DIRECT_OBJC_ISA_USAGE = YES_ERROR;
				CLANG_WARN_DOCUMENTATION_COMMENTS = YES;
				CLANG_WARN_EMPTY_BODY = YES;
				CLANG_WARN_ENUM_CONVERSION = YES;
				CLANG_WARN_INFINITE_RECURSION = YES;
				CLANG_WARN_INT_CONVERSION = YES;
				CLANG_WARN_NON_LITERAL_NULL_CONVERSION = YES;
				CLANG_WARN_OBJC_IMPLICIT_RETAIN_SELF = YES;
				CLANG_WARN_OBJC_LITERAL_CONVERSION = YES;
				CLANG_WARN_OBJC_ROOT_CLASS = YES_ERROR;
				CLANG_WARN_RANGE_LOOP_ANALYSIS = YES;
				CLANG_WARN_STRICT_PROTOTYPES = YES;
				CLANG_WARN_SUSPICIOUS_MOVE = YES;
				CLANG_WARN_UNGUARDED_AVAILABILITY = YES_AGGRESSIVE;
				CLANG_WARN_UNREACHABLE_CODE = YES;
				CLANG_WARN__DUPLICATE_METHOD_MATCH = YES;
				COPY_PHASE_STRIP = NO;
				DEBUG_INFORMATION_FORMAT = "dwarf-with-dsym";
				ENABLE_NS_ASSERTIONS = NO;
				ENABLE_STRICT_OBJC_MSGSEND = YES;
				GCC_C_LANGUAGE_STANDARD = gnu11;
				GCC_NO_COMMON_BLOCKS = YES;
				GCC_WARN_64_TO_32_BIT_CONVERSION = YES;
				GCC_WARN_ABOUT_RETURN_TYPE = YES_ERROR;
				GCC_WARN_UNDECLARED_SELECTOR = YES;
				GCC_WARN_UNINITIALIZED_AUTOS = YES_AGGRESSIVE;
				GCC_WARN_UNUSED_FUNCTION = YES;
				GCC_WARN_UNUSED_VARIABLE = YES;
				IPHONEOS_DEPLOYMENT_TARGET = 13.7;
				MTL_ENABLE_DEBUG_INFO = NO;
				MTL_FAST_MATH = YES;
				SDKROOT = iphoneos;
				SWIFT_COMPILATION_MODE = wholemodule;
				SWIFT_OPTIMIZATION_LEVEL = "-O";
				VALIDATE_PRODUCT = YES;
			};
			name = Release;
		};
		40C90268250A35BF009D4225 /* Debug */ = {
			isa = XCBuildConfiguration;
			buildSettings = {
				ASSETCATALOG_COMPILER_APPICON_NAME = AppIcon;
				CODE_SIGN_STYLE = Automatic;
				DEVELOPMENT_TEAM = 57Q787Q853;
				INFOPLIST_FILE = "$(SRCROOT)/AnimeList/Resources/Info.plist";
				LD_RUNPATH_SEARCH_PATHS = (
					"$(inherited)",
					"@executable_path/Frameworks",
				);
				PRODUCT_BUNDLE_IDENTIFIER = Johnny.com.AnimeList;
				PRODUCT_NAME = "$(TARGET_NAME)";
				SWIFT_VERSION = 5.0;
				TARGETED_DEVICE_FAMILY = "1,2";
			};
			name = Debug;
		};
		40C90269250A35BF009D4225 /* Release */ = {
			isa = XCBuildConfiguration;
			buildSettings = {
				ASSETCATALOG_COMPILER_APPICON_NAME = AppIcon;
				CODE_SIGN_STYLE = Automatic;
				DEVELOPMENT_TEAM = 57Q787Q853;
				INFOPLIST_FILE = "$(SRCROOT)/AnimeList/Resources/Info.plist";
				LD_RUNPATH_SEARCH_PATHS = (
					"$(inherited)",
					"@executable_path/Frameworks",
				);
				PRODUCT_BUNDLE_IDENTIFIER = Johnny.com.AnimeList;
				PRODUCT_NAME = "$(TARGET_NAME)";
				SWIFT_VERSION = 5.0;
				TARGETED_DEVICE_FAMILY = "1,2";
			};
			name = Release;
		};
		40EEED272579FEE7009DF86F /* Debug */ = {
			isa = XCBuildConfiguration;
			buildSettings = {
				BUNDLE_LOADER = "$(TEST_HOST)";
				CLANG_WARN_QUOTED_INCLUDE_IN_FRAMEWORK_HEADER = YES;
				CODE_SIGN_STYLE = Automatic;
				DEVELOPMENT_TEAM = 57Q787Q853;
				INFOPLIST_FILE = AnimeListTests/Info.plist;
				IPHONEOS_DEPLOYMENT_TARGET = 14.1;
				LD_RUNPATH_SEARCH_PATHS = (
					"$(inherited)",
					"@executable_path/Frameworks",
					"@loader_path/Frameworks",
				);
				PRODUCT_BUNDLE_IDENTIFIER = Johnny.com.AnimeListTests;
				PRODUCT_NAME = "$(TARGET_NAME)";
				SWIFT_VERSION = 5.0;
				TARGETED_DEVICE_FAMILY = "1,2";
				TEST_HOST = "$(BUILT_PRODUCTS_DIR)/AnimeList.app/AnimeList";
			};
			name = Debug;
		};
		40EEED282579FEE7009DF86F /* Release */ = {
			isa = XCBuildConfiguration;
			buildSettings = {
				BUNDLE_LOADER = "$(TEST_HOST)";
				CLANG_WARN_QUOTED_INCLUDE_IN_FRAMEWORK_HEADER = YES;
				CODE_SIGN_STYLE = Automatic;
				DEVELOPMENT_TEAM = 57Q787Q853;
				INFOPLIST_FILE = AnimeListTests/Info.plist;
				IPHONEOS_DEPLOYMENT_TARGET = 14.1;
				LD_RUNPATH_SEARCH_PATHS = (
					"$(inherited)",
					"@executable_path/Frameworks",
					"@loader_path/Frameworks",
				);
				PRODUCT_BUNDLE_IDENTIFIER = Johnny.com.AnimeListTests;
				PRODUCT_NAME = "$(TARGET_NAME)";
				SWIFT_VERSION = 5.0;
				TARGETED_DEVICE_FAMILY = "1,2";
				TEST_HOST = "$(BUILT_PRODUCTS_DIR)/AnimeList.app/AnimeList";
			};
			name = Release;
		};
/* End XCBuildConfiguration section */

/* Begin XCConfigurationList section */
		40C9024E250A35BA009D4225 /* Build configuration list for PBXProject "AnimeList" */ = {
			isa = XCConfigurationList;
			buildConfigurations = (
				40C90265250A35BF009D4225 /* Debug */,
				40C90266250A35BF009D4225 /* Release */,
			);
			defaultConfigurationIsVisible = 0;
			defaultConfigurationName = Release;
		};
		40C90267250A35BF009D4225 /* Build configuration list for PBXNativeTarget "AnimeList" */ = {
			isa = XCConfigurationList;
			buildConfigurations = (
				40C90268250A35BF009D4225 /* Debug */,
				40C90269250A35BF009D4225 /* Release */,
			);
			defaultConfigurationIsVisible = 0;
			defaultConfigurationName = Release;
		};
		40EEED262579FEE7009DF86F /* Build configuration list for PBXNativeTarget "AnimeListTests" */ = {
			isa = XCConfigurationList;
			buildConfigurations = (
				40EEED272579FEE7009DF86F /* Debug */,
				40EEED282579FEE7009DF86F /* Release */,
			);
			defaultConfigurationIsVisible = 0;
			defaultConfigurationName = Release;
		};
/* End XCConfigurationList section */

/* Begin XCVersionGroup section */
		4082B6A225551E6400DC14A2 /* AnimeList.xcdatamodeld */ = {
			isa = XCVersionGroup;
			children = (
				4082B6A325551E6400DC14A2 /* AnimeList.xcdatamodel */,
			);
			currentVersion = 4082B6A325551E6400DC14A2 /* AnimeList.xcdatamodel */;
			path = AnimeList.xcdatamodeld;
			sourceTree = "<group>";
			versionGroupType = wrapper.xcdatamodel;
		};
/* End XCVersionGroup section */
	};
	rootObject = 40C9024B250A35BA009D4225 /* Project object */;
}
